
Microsoft Visual Studio Solution File, Format Version 12.00
# Visual Studio Version 17
VisualStudioVersion = 17.0.32112.339
MinimumVisualStudioVersion = 10.0.40219.1
Project("{9A19103F-16F7-4668-BE54-9A1E7A4F7556}") = "TableTop", "TableTop\TableTop.csproj", "{F2AD177C-14A7-47DC-94FB-785182A17311}"
EndProject
Project("{9A19103F-16F7-4668-BE54-9A1E7A4F7556}") = "TableTop.Service", "TableTop.Service\TableTop.Service.csproj", "{679B3C57-36AB-402F-B5B5-152901A3B98B}"
EndProject
Project("{9A19103F-16F7-4668-BE54-9A1E7A4F7556}") = "TableTop.Entities", "TableTop.Entities\TableTop.Entities.csproj", "{BDB5A579-B4AC-46C2-B8AD-A4D1ABAF8234}"
EndProject
Project("{FAE04EC0-301F-11D3-BF4B-00C04F79EFBC}") = "TableTop.Storage", "TableTop.Storage\TableTop.Storage.csproj", "{1E9274FB-E284-4D1C-976A-E032B5FA97CE}"
EndProject
Global
	GlobalSection(SolutionConfigurationPlatforms) = preSolution
		Debug|Any CPU = Debug|Any CPU
		Release|Any CPU = Release|Any CPU
	EndGlobalSection
	GlobalSection(ProjectConfigurationPlatforms) = postSolution
		{F2AD177C-14A7-47DC-94FB-785182A17311}.Debug|Any CPU.ActiveCfg = Debug|Any CPU
		{F2AD177C-14A7-47DC-94FB-785182A17311}.Debug|Any CPU.Build.0 = Debug|Any CPU
		{F2AD177C-14A7-47DC-94FB-785182A17311}.Release|Any CPU.ActiveCfg = Release|Any CPU
		{F2AD177C-14A7-47DC-94FB-785182A17311}.Release|Any CPU.Build.0 = Release|Any CPU
		{679B3C57-36AB-402F-B5B5-152901A3B98B}.Debug|Any CPU.ActiveCfg = Debug|Any CPU
		{679B3C57-36AB-402F-B5B5-152901A3B98B}.Debug|Any CPU.Build.0 = Debug|Any CPU
		{679B3C57-36AB-402F-B5B5-152901A3B98B}.Release|Any CPU.ActiveCfg = Release|Any CPU
		{679B3C57-36AB-402F-B5B5-152901A3B98B}.Release|Any CPU.Build.0 = Release|Any CPU
		{BDB5A579-B4AC-46C2-B8AD-A4D1ABAF8234}.Debug|Any CPU.ActiveCfg = Debug|Any CPU
		{BDB5A579-B4AC-46C2-B8AD-A4D1ABAF8234}.Debug|Any CPU.Build.0 = Debug|Any CPU
		{BDB5A579-B4AC-46C2-B8AD-A4D1ABAF8234}.Release|Any CPU.ActiveCfg = Release|Any CPU
		{BDB5A579-B4AC-46C2-B8AD-A4D1ABAF8234}.Release|Any CPU.Build.0 = Release|Any CPU
		{1E9274FB-E284-4D1C-976A-E032B5FA97CE}.Debug|Any CPU.ActiveCfg = Debug|Any CPU
		{1E9274FB-E284-4D1C-976A-E032B5FA97CE}.Debug|Any CPU.Build.0 = Debug|Any CPU
		{1E9274FB-E284-4D1C-976A-E032B5FA97CE}.Release|Any CPU.ActiveCfg = Release|Any CPU
		{1E9274FB-E284-4D1C-976A-E032B5FA97CE}.Release|Any CPU.Build.0 = Release|Any CPU
	EndGlobalSection
	GlobalSection(SolutionProperties) = preSolution
		HideSolutionNode = FALSE
	EndGlobalSection
	GlobalSection(ExtensibilityGlobals) = postSolution
		SolutionGuid = {9F0859AA-71DB-495E-B6E2-E2D659E09CF4}
	EndGlobalSection
EndGlobal
